
Microsoft Visual Studio Solution File, Format Version 12.00
# Visual Studio Version 16
VisualStudioVersion = 16.0.30621.155
MinimumVisualStudioVersion = 10.0.40219.1
Project("{FAE04EC0-301F-11D3-BF4B-00C04F79EFBC}") = "StringCalculator", "StringCalculator\StringCalculator.csproj", "{0770EB57-7701-4FEC-AB30-C2356FA6A3E8}"
EndProject
Project("{FAE04EC0-301F-11D3-BF4B-00C04F79EFBC}") = "StringCalculatorTests", "StringCalculatorTests\StringCalculatorTests.csproj", "{DA876FE0-0D41-459B-B550-BF70EA7FF8C6}"
EndProject
Global
	GlobalSection(SolutionConfigurationPlatforms) = preSolution
		Debug|Any CPU = Debug|Any CPU
		Release|Any CPU = Release|Any CPU
	EndGlobalSection
	GlobalSection(ProjectConfigurationPlatforms) = postSolution
		{0770EB57-7701-4FEC-AB30-C2356FA6A3E8}.Debug|Any CPU.ActiveCfg = Debug|Any CPU
		{0770EB57-7701-4FEC-AB30-C2356FA6A3E8}.Debug|Any CPU.Build.0 = Debug|Any CPU
		{0770EB57-7701-4FEC-AB30-C2356FA6A3E8}.Release|Any CPU.ActiveCfg = Release|Any CPU
		{0770EB57-7701-4FEC-AB30-C2356FA6A3E8}.Release|Any CPU.Build.0 = Release|Any CPU
		{DA876FE0-0D41-459B-B550-BF70EA7FF8C6}.Debug|Any CPU.ActiveCfg = Debug|Any CPU
		{DA876FE0-0D41-459B-B550-BF70EA7FF8C6}.Debug|Any CPU.Build.0 = Debug|Any CPU
		{DA876FE0-0D41-459B-B550-BF70EA7FF8C6}.Release|Any CPU.ActiveCfg = Release|Any CPU
		{DA876FE0-0D41-459B-B550-BF70EA7FF8C6}.Release|Any CPU.Build.0 = Release|Any CPU
	EndGlobalSection
	GlobalSection(SolutionProperties) = preSolution
		HideSolutionNode = FALSE
	EndGlobalSection
	GlobalSection(ExtensibilityGlobals) = postSolution
		SolutionGuid = {D72A40FF-BC4A-442E-BDA9-E2705B692E0D}
	EndGlobalSection
EndGlobal
